
Microsoft Visual Studio Solution File, Format Version 12.00
# Visual Studio 15
VisualStudioVersion = 15.0.28307.168
MinimumVisualStudioVersion = 10.0.40219.1
Project("{FAE04EC0-301F-11D3-BF4B-00C04F79EFBC}") = "Teste", "Teste\Teste.csproj", "{F02AE2FB-019A-4ACF-979A-7223D3160C83}"
EndProject
Global
	GlobalSection(SolutionConfigurationPlatforms) = preSolution
		Debug|Any CPU = Debug|Any CPU
		Release|Any CPU = Release|Any CPU
	EndGlobalSection
	GlobalSection(ProjectConfigurationPlatforms) = postSolution
		{F02AE2FB-019A-4ACF-979A-7223D3160C83}.Debug|Any CPU.ActiveCfg = Debug|Any CPU
		{F02AE2FB-019A-4ACF-979A-7223D3160C83}.Debug|Any CPU.Build.0 = Debug|Any CPU
		{F02AE2FB-019A-4ACF-979A-7223D3160C83}.Release|Any CPU.ActiveCfg = Release|Any CPU
		{F02AE2FB-019A-4ACF-979A-7223D3160C83}.Release|Any CPU.Build.0 = Release|Any CPU
	EndGlobalSection
	GlobalSection(SolutionProperties) = preSolution
		HideSolutionNode = FALSE
	EndGlobalSection
	GlobalSection(ExtensibilityGlobals) = postSolution
		SolutionGuid = {4A9DC18E-67CB-418B-86D8-90E2CB7397E1}
	EndGlobalSection
EndGlobal
